
Microsoft Visual Studio Solution File, Format Version 12.00
# Visual Studio Version 16
VisualStudioVersion = 16.0.32228.343
MinimumVisualStudioVersion = 10.0.40219.1
Project("{FAE04EC0-301F-11D3-BF4B-00C04F79EFBC}") = "Exercicios-logica-CSharp", "Exercicios-logica-CSharp\Exercicios-logica-CSharp.csproj", "{0BDE738E-5FD1-45A4-89FB-3056CCB568A3}"
EndProject
Global
	GlobalSection(SolutionConfigurationPlatforms) = preSolution
		Debug|Any CPU = Debug|Any CPU
		Release|Any CPU = Release|Any CPU
	EndGlobalSection
	GlobalSection(ProjectConfigurationPlatforms) = postSolution
		{0BDE738E-5FD1-45A4-89FB-3056CCB568A3}.Debug|Any CPU.ActiveCfg = Debug|Any CPU
		{0BDE738E-5FD1-45A4-89FB-3056CCB568A3}.Debug|Any CPU.Build.0 = Debug|Any CPU
		{0BDE738E-5FD1-45A4-89FB-3056CCB568A3}.Release|Any CPU.ActiveCfg = Release|Any CPU
		{0BDE738E-5FD1-45A4-89FB-3056CCB568A3}.Release|Any CPU.Build.0 = Release|Any CPU
	EndGlobalSection
	GlobalSection(SolutionProperties) = preSolution
		HideSolutionNode = FALSE
	EndGlobalSection
	GlobalSection(ExtensibilityGlobals) = postSolution
		SolutionGuid = {6FA04FB0-2525-432E-8D64-F187D1DF2D3A}
	EndGlobalSection
EndGlobal
